
Microsoft Visual Studio Solution File, Format Version 12.00
# Visual Studio Version 17
VisualStudioVersion = 17.5.33530.505
MinimumVisualStudioVersion = 10.0.40219.1
Project("{FAE04EC0-301F-11D3-BF4B-00C04F79EFBC}") = "aztec", "aztec\aztec.csproj", "{61AB6299-FB00-4C74-A92A-09557CEFB1C0}"
EndProject
Global
	GlobalSection(SolutionConfigurationPlatforms) = preSolution
		Debug|Any CPU = Debug|Any CPU
		Release|Any CPU = Release|Any CPU
	EndGlobalSection
	GlobalSection(ProjectConfigurationPlatforms) = postSolution
		{61AB6299-FB00-4C74-A92A-09557CEFB1C0}.Debug|Any CPU.ActiveCfg = Debug|Any CPU
		{61AB6299-FB00-4C74-A92A-09557CEFB1C0}.Debug|Any CPU.Build.0 = Debug|Any CPU
		{61AB6299-FB00-4C74-A92A-09557CEFB1C0}.Release|Any CPU.ActiveCfg = Release|Any CPU
		{61AB6299-FB00-4C74-A92A-09557CEFB1C0}.Release|Any CPU.Build.0 = Release|Any CPU
	EndGlobalSection
	GlobalSection(SolutionProperties) = preSolution
		HideSolutionNode = FALSE
	EndGlobalSection
	GlobalSection(ExtensibilityGlobals) = postSolution
		SolutionGuid = {D9BB5BC8-E3D3-4736-9C10-79BC52A032E3}
	EndGlobalSection
EndGlobal
